
Microsoft Visual Studio Solution File, Format Version 12.00
# Visual Studio 15
VisualStudioVersion = 15.0.27130.2027
MinimumVisualStudioVersion = 10.0.40219.1
Project("{FAE04EC0-301F-11D3-BF4B-00C04F79EFBC}") = "CosmosDB100", "CosmosDB100\CosmosDB100.csproj", "{12376BF7-6B56-4800-B8D7-91791BED42FE}"
EndProject
Global
	GlobalSection(SolutionConfigurationPlatforms) = preSolution
		Debug|Any CPU = Debug|Any CPU
		Release|Any CPU = Release|Any CPU
	EndGlobalSection
	GlobalSection(ProjectConfigurationPlatforms) = postSolution
		{12376BF7-6B56-4800-B8D7-91791BED42FE}.Debug|Any CPU.ActiveCfg = Debug|Any CPU
		{12376BF7-6B56-4800-B8D7-91791BED42FE}.Debug|Any CPU.Build.0 = Debug|Any CPU
		{12376BF7-6B56-4800-B8D7-91791BED42FE}.Release|Any CPU.ActiveCfg = Release|Any CPU
		{12376BF7-6B56-4800-B8D7-91791BED42FE}.Release|Any CPU.Build.0 = Release|Any CPU
	EndGlobalSection
	GlobalSection(SolutionProperties) = preSolution
		HideSolutionNode = FALSE
	EndGlobalSection
	GlobalSection(ExtensibilityGlobals) = postSolution
		SolutionGuid = {D7F3D858-0DCF-48B4-BF5C-3A3DE1F995EF}
	EndGlobalSection
EndGlobal
